
Microsoft Visual Studio Solution File, Format Version 12.00
# Visual Studio Version 16
VisualStudioVersion = 16.0.28803.202
MinimumVisualStudioVersion = 10.0.40219.1
Project("{FAE04EC0-301F-11D3-BF4B-00C04F79EFBC}") = "InTeam G", "InTeam G\InTeam G.csproj", "{440F0E73-574E-495C-8E2D-D5978D629947}"
EndProject
Global
	GlobalSection(SolutionConfigurationPlatforms) = preSolution
		Debug|Any CPU = Debug|Any CPU
		Release|Any CPU = Release|Any CPU
	EndGlobalSection
	GlobalSection(ProjectConfigurationPlatforms) = postSolution
		{440F0E73-574E-495C-8E2D-D5978D629947}.Debug|Any CPU.ActiveCfg = Debug|Any CPU
		{440F0E73-574E-495C-8E2D-D5978D629947}.Debug|Any CPU.Build.0 = Debug|Any CPU
		{440F0E73-574E-495C-8E2D-D5978D629947}.Release|Any CPU.ActiveCfg = Release|Any CPU
		{440F0E73-574E-495C-8E2D-D5978D629947}.Release|Any CPU.Build.0 = Release|Any CPU
	EndGlobalSection
	GlobalSection(SolutionProperties) = preSolution
		HideSolutionNode = FALSE
	EndGlobalSection
	GlobalSection(ExtensibilityGlobals) = postSolution
		SolutionGuid = {355A54AE-B39B-41CD-B7D0-AA4FD810C5FD}
	EndGlobalSection
EndGlobal
